
Microsoft Visual Studio Solution File, Format Version 12.00
# Visual Studio Version 17
VisualStudioVersion = 17.12.35707.178
MinimumVisualStudioVersion = 10.0.40219.1
Project("{FAE04EC0-301F-11D3-BF4B-00C04F79EFBC}") = "IPFS_RPC_API", "IPFS_RPC_API\IPFS_RPC_API.csproj", "{2082C4F0-6E68-4A66-A06E-7D7FB1686913}"
EndProject
Project("{FAE04EC0-301F-11D3-BF4B-00C04F79EFBC}") = "Loader", "Loader\Loader.csproj", "{B43E8B60-409E-42B3-9380-74EA037721B5}"
EndProject
Project("{2150E333-8FDC-42A3-9474-1A3956D46DE8}") = "Solution Items", "Solution Items", "{D64709B1-C31A-45AC-81B4-4AC9029C9098}"
	ProjectSection(SolutionItems) = preProject
		.editorconfig = .editorconfig
	EndProjectSection
EndProject
Global
	GlobalSection(SolutionConfigurationPlatforms) = preSolution
		Debug|Any CPU = Debug|Any CPU
		Release|Any CPU = Release|Any CPU
	EndGlobalSection
	GlobalSection(ProjectConfigurationPlatforms) = postSolution
		{2082C4F0-6E68-4A66-A06E-7D7FB1686913}.Debug|Any CPU.ActiveCfg = Debug|Any CPU
		{2082C4F0-6E68-4A66-A06E-7D7FB1686913}.Debug|Any CPU.Build.0 = Debug|Any CPU
		{2082C4F0-6E68-4A66-A06E-7D7FB1686913}.Release|Any CPU.ActiveCfg = Release|Any CPU
		{2082C4F0-6E68-4A66-A06E-7D7FB1686913}.Release|Any CPU.Build.0 = Release|Any CPU
		{B43E8B60-409E-42B3-9380-74EA037721B5}.Debug|Any CPU.ActiveCfg = Debug|Any CPU
		{B43E8B60-409E-42B3-9380-74EA037721B5}.Debug|Any CPU.Build.0 = Debug|Any CPU
		{B43E8B60-409E-42B3-9380-74EA037721B5}.Release|Any CPU.ActiveCfg = Release|Any CPU
		{B43E8B60-409E-42B3-9380-74EA037721B5}.Release|Any CPU.Build.0 = Release|Any CPU
	EndGlobalSection
	GlobalSection(SolutionProperties) = preSolution
		HideSolutionNode = FALSE
	EndGlobalSection
EndGlobal
